// !$*UTF8*$!
{
	archiveVersion = 1;
	classes = {
	};
	objectVersion = 50;
	objects = {

/* Begin PBXBuildFile section */
		491EE74C228835B300FD6602 /* TabBarViewController.swift in Sources */ = {isa = PBXBuildFile; fileRef = 491EE74B228835B300FD6602 /* TabBarViewController.swift */; };
		491EE74E22889F9100FD6602 /* ContactListViewController.swift in Sources */ = {isa = PBXBuildFile; fileRef = 491EE74D22889F9100FD6602 /* ContactListViewController.swift */; };
		493AE21B2288A0E40031A3CC /* ContactDetailViewController.swift in Sources */ = {isa = PBXBuildFile; fileRef = 493AE21A2288A0E40031A3CC /* ContactDetailViewController.swift */; };
		498EF613228361B9002AE48D /* AppDelegate.swift in Sources */ = {isa = PBXBuildFile; fileRef = 498EF612228361B9002AE48D /* AppDelegate.swift */; };
		498EF618228361B9002AE48D /* Main.storyboard in Resources */ = {isa = PBXBuildFile; fileRef = 498EF616228361B9002AE48D /* Main.storyboard */; };
		498EF61B228361B9002AE48D /* VoipApp.xcdatamodeld in Sources */ = {isa = PBXBuildFile; fileRef = 498EF619228361B9002AE48D /* VoipApp.xcdatamodeld */; };
		498EF61D228361BB002AE48D /* Assets.xcassets in Resources */ = {isa = PBXBuildFile; fileRef = 498EF61C228361BB002AE48D /* Assets.xcassets */; };
		498EF620228361BB002AE48D /* LaunchScreen.storyboard in Resources */ = {isa = PBXBuildFile; fileRef = 498EF61E228361BB002AE48D /* LaunchScreen.storyboard */; };
		498EF62B22836E7F002AE48D /* Call+CoreDataClass.swift in Sources */ = {isa = PBXBuildFile; fileRef = 498EF62722836E7F002AE48D /* Call+CoreDataClass.swift */; };
		498EF62C22836E7F002AE48D /* Call+CoreDataProperties.swift in Sources */ = {isa = PBXBuildFile; fileRef = 498EF62822836E7F002AE48D /* Call+CoreDataProperties.swift */; };
		498EF62D22836E7F002AE48D /* Contact+CoreDataClass.swift in Sources */ = {isa = PBXBuildFile; fileRef = 498EF62922836E7F002AE48D /* Contact+CoreDataClass.swift */; };
		498EF62E22836E7F002AE48D /* Contact+CoreDataProperties.swift in Sources */ = {isa = PBXBuildFile; fileRef = 498EF62A22836E7F002AE48D /* Contact+CoreDataProperties.swift */; };
		498EF63522836FEA002AE48D /* VoipModels.swift in Sources */ = {isa = PBXBuildFile; fileRef = 498EF63422836FEA002AE48D /* VoipModels.swift */; };
		498EF639228373A5002AE48D /* UIViewController+AppDelegate.swift in Sources */ = {isa = PBXBuildFile; fileRef = 498EF638228373A5002AE48D /* UIViewController+AppDelegate.swift */; };
		498EF6492283801E002AE48D /* CallHistoryViewController.swift in Sources */ = {isa = PBXBuildFile; fileRef = 498EF6482283801E002AE48D /* CallHistoryViewController.swift */; };
		498EF64C22839372002AE48D /* Date+Format.swift in Sources */ = {isa = PBXBuildFile; fileRef = 498EF64B22839372002AE48D /* Date+Format.swift */; };
		49A1F379228F3EE400BAAF10 /* TextFieldCell.swift in Sources */ = {isa = PBXBuildFile; fileRef = 49A1F377228F3EE400BAAF10 /* TextFieldCell.swift */; };
		49A1F37A228F3EE400BAAF10 /* TextFieldCell.xib in Resources */ = {isa = PBXBuildFile; fileRef = 49A1F378228F3EE400BAAF10 /* TextFieldCell.xib */; };
		49A1F37C228F76B500BAAF10 /* UITextField+doneButton.swift in Sources */ = {isa = PBXBuildFile; fileRef = 49A1F37B228F76B500BAAF10 /* UITextField+doneButton.swift */; };
		49A9EDF7228B386800172EF7 /* VoipContactCell.swift in Sources */ = {isa = PBXBuildFile; fileRef = 49A9EDF6228B386800172EF7 /* VoipContactCell.swift */; };
		49A9EDF9228B44EC00172EF7 /* String+Format.swift in Sources */ = {isa = PBXBuildFile; fileRef = 49A9EDF8228B44EC00172EF7 /* String+Format.swift */; };
		49A9EDFB228B7E6000172EF7 /* UIColor+SystemTintColor.swift in Sources */ = {isa = PBXBuildFile; fileRef = 49A9EDFA228B7E6000172EF7 /* UIColor+SystemTintColor.swift */; };
		49A9EDFE228C92D900172EF7 /* AvatarCell.swift in Sources */ = {isa = PBXBuildFile; fileRef = 49A9EDFC228C92D900172EF7 /* AvatarCell.swift */; };
		49A9EDFF228C92D900172EF7 /* AvatarCell.xib in Resources */ = {isa = PBXBuildFile; fileRef = 49A9EDFD228C92D900172EF7 /* AvatarCell.xib */; };
		49A9EE03228CA8B200172EF7 /* SystemContactsManager.swift in Sources */ = {isa = PBXBuildFile; fileRef = 49A9EE02228CA8B200172EF7 /* SystemContactsManager.swift */; };
		49A9EE06228CC57C00172EF7 /* DatabaseManager.swift in Sources */ = {isa = PBXBuildFile; fileRef = 49A9EE05228CC57C00172EF7 /* DatabaseManager.swift */; };
		49B1E8772284F15600877028 /* Audio.swift in Sources */ = {isa = PBXBuildFile; fileRef = 49B1E8762284F15600877028 /* Audio.swift */; };
		49B1E89A2285128C00877028 /* ProviderConfigurator.swift in Sources */ = {isa = PBXBuildFile; fileRef = 49B1E8992285128C00877028 /* ProviderConfigurator.swift */; };
		49B623A922849DCC000B1454 /* VoipCallCell.swift in Sources */ = {isa = PBXBuildFile; fileRef = 49B623A822849DCC000B1454 /* VoipCallCell.swift */; };
		49B623AC2284A7D8000B1454 /* CallManager.swift in Sources */ = {isa = PBXBuildFile; fileRef = 49B623AB2284A7D8000B1454 /* CallManager.swift */; };
		49B623AE2284A89C000B1454 /* VoipCall.swift in Sources */ = {isa = PBXBuildFile; fileRef = 49B623AD2284A89C000B1454 /* VoipCall.swift */; };
		8069A94922907AA200901571 /* KeyboardLayoutConstraint.swift in Sources */ = {isa = PBXBuildFile; fileRef = 8069A94822907AA200901571 /* KeyboardLayoutConstraint.swift */; };
		8069A9572290857900901571 /* Onboarding.storyboard in Resources */ = {isa = PBXBuildFile; fileRef = 8069A9562290857900901571 /* Onboarding.storyboard */; };
		8069A95A2290864000901571 /* OnboardingViewController.swift in Sources */ = {isa = PBXBuildFile; fileRef = 8069A9592290864000901571 /* OnboardingViewController.swift */; };
		8069A95C229086E800901571 /* UIViewController+Child.swift in Sources */ = {isa = PBXBuildFile; fileRef = 8069A95B229086E800901571 /* UIViewController+Child.swift */; };
		8069A95E2290878600901571 /* OnboardingChildViewController.swift in Sources */ = {isa = PBXBuildFile; fileRef = 8069A95D2290878600901571 /* OnboardingChildViewController.swift */; };
		8069A9602290888A00901571 /* CAAnimation+Callbacks.swift in Sources */ = {isa = PBXBuildFile; fileRef = 8069A95F2290888A00901571 /* CAAnimation+Callbacks.swift */; };
		8069A9622290894000901571 /* UIView+Animations.swift in Sources */ = {isa = PBXBuildFile; fileRef = 8069A9612290894000901571 /* UIView+Animations.swift */; };
		80C4B88F2290ADB900D28D95 /* FooterOnboardView.swift in Sources */ = {isa = PBXBuildFile; fileRef = 80C4B88D2290ADB900D28D95 /* FooterOnboardView.swift */; };
		80C4B8902290ADB900D28D95 /* FooterOnboardingView.xib in Resources */ = {isa = PBXBuildFile; fileRef = 80C4B88E2290ADB900D28D95 /* FooterOnboardingView.xib */; };
/* End PBXBuildFile section */

/* Begin PBXFileReference section */
		491EE74B228835B300FD6602 /* TabBarViewController.swift */ = {isa = PBXFileReference; lastKnownFileType = sourcecode.swift; path = TabBarViewController.swift; sourceTree = "<group>"; };
		491EE74D22889F9100FD6602 /* ContactListViewController.swift */ = {isa = PBXFileReference; lastKnownFileType = sourcecode.swift; path = ContactListViewController.swift; sourceTree = "<group>"; };
		493AE21A2288A0E40031A3CC /* ContactDetailViewController.swift */ = {isa = PBXFileReference; lastKnownFileType = sourcecode.swift; path = ContactDetailViewController.swift; sourceTree = "<group>"; };
		498EF60F228361B9002AE48D /* VoipApp.app */ = {isa = PBXFileReference; explicitFileType = wrapper.application; includeInIndex = 0; path = VoipApp.app; sourceTree = BUILT_PRODUCTS_DIR; };
		498EF612228361B9002AE48D /* AppDelegate.swift */ = {isa = PBXFileReference; lastKnownFileType = sourcecode.swift; path = AppDelegate.swift; sourceTree = "<group>"; };
		498EF617228361B9002AE48D /* Base */ = {isa = PBXFileReference; lastKnownFileType = file.storyboard; name = Base; path = Base.lproj/Main.storyboard; sourceTree = "<group>"; };
		498EF61A228361B9002AE48D /* VoipApp.xcdatamodel */ = {isa = PBXFileReference; lastKnownFileType = wrapper.xcdatamodel; path = VoipApp.xcdatamodel; sourceTree = "<group>"; };
		498EF61C228361BB002AE48D /* Assets.xcassets */ = {isa = PBXFileReference; lastKnownFileType = folder.assetcatalog; path = Assets.xcassets; sourceTree = "<group>"; };
		498EF61F228361BB002AE48D /* Base */ = {isa = PBXFileReference; lastKnownFileType = file.storyboard; name = Base; path = Base.lproj/LaunchScreen.storyboard; sourceTree = "<group>"; };
		498EF621228361BB002AE48D /* Info.plist */ = {isa = PBXFileReference; lastKnownFileType = text.plist.xml; path = Info.plist; sourceTree = "<group>"; };
		498EF62722836E7F002AE48D /* Call+CoreDataClass.swift */ = {isa = PBXFileReference; lastKnownFileType = sourcecode.swift; path = "Call+CoreDataClass.swift"; sourceTree = "<group>"; };
		498EF62822836E7F002AE48D /* Call+CoreDataProperties.swift */ = {isa = PBXFileReference; lastKnownFileType = sourcecode.swift; path = "Call+CoreDataProperties.swift"; sourceTree = "<group>"; };
		498EF62922836E7F002AE48D /* Contact+CoreDataClass.swift */ = {isa = PBXFileReference; lastKnownFileType = sourcecode.swift; path = "Contact+CoreDataClass.swift"; sourceTree = "<group>"; };
		498EF62A22836E7F002AE48D /* Contact+CoreDataProperties.swift */ = {isa = PBXFileReference; lastKnownFileType = sourcecode.swift; path = "Contact+CoreDataProperties.swift"; sourceTree = "<group>"; };
		498EF63422836FEA002AE48D /* VoipModels.swift */ = {isa = PBXFileReference; lastKnownFileType = sourcecode.swift; path = VoipModels.swift; sourceTree = "<group>"; };
		498EF638228373A5002AE48D /* UIViewController+AppDelegate.swift */ = {isa = PBXFileReference; lastKnownFileType = sourcecode.swift; path = "UIViewController+AppDelegate.swift"; sourceTree = "<group>"; };
		498EF6482283801E002AE48D /* CallHistoryViewController.swift */ = {isa = PBXFileReference; lastKnownFileType = sourcecode.swift; path = CallHistoryViewController.swift; sourceTree = "<group>"; };
		498EF64B22839372002AE48D /* Date+Format.swift */ = {isa = PBXFileReference; lastKnownFileType = sourcecode.swift; path = "Date+Format.swift"; sourceTree = "<group>"; };
		49A1F377228F3EE400BAAF10 /* TextFieldCell.swift */ = {isa = PBXFileReference; lastKnownFileType = sourcecode.swift; path = TextFieldCell.swift; sourceTree = "<group>"; };
		49A1F378228F3EE400BAAF10 /* TextFieldCell.xib */ = {isa = PBXFileReference; lastKnownFileType = file.xib; path = TextFieldCell.xib; sourceTree = "<group>"; };
		49A1F37B228F76B500BAAF10 /* UITextField+doneButton.swift */ = {isa = PBXFileReference; lastKnownFileType = sourcecode.swift; path = "UITextField+doneButton.swift"; sourceTree = "<group>"; };
		49A9EDF6228B386800172EF7 /* VoipContactCell.swift */ = {isa = PBXFileReference; lastKnownFileType = sourcecode.swift; path = VoipContactCell.swift; sourceTree = "<group>"; };
		49A9EDF8228B44EC00172EF7 /* String+Format.swift */ = {isa = PBXFileReference; lastKnownFileType = sourcecode.swift; path = "String+Format.swift"; sourceTree = "<group>"; };
		49A9EDFA228B7E6000172EF7 /* UIColor+SystemTintColor.swift */ = {isa = PBXFileReference; lastKnownFileType = sourcecode.swift; path = "UIColor+SystemTintColor.swift"; sourceTree = "<group>"; };
		49A9EDFC228C92D900172EF7 /* AvatarCell.swift */ = {isa = PBXFileReference; lastKnownFileType = sourcecode.swift; path = AvatarCell.swift; sourceTree = "<group>"; };
		49A9EDFD228C92D900172EF7 /* AvatarCell.xib */ = {isa = PBXFileReference; lastKnownFileType = file.xib; path = AvatarCell.xib; sourceTree = "<group>"; };
		49A9EE02228CA8B200172EF7 /* SystemContactsManager.swift */ = {isa = PBXFileReference; lastKnownFileType = sourcecode.swift; path = SystemContactsManager.swift; sourceTree = "<group>"; };
		49A9EE05228CC57C00172EF7 /* DatabaseManager.swift */ = {isa = PBXFileReference; lastKnownFileType = sourcecode.swift; path = DatabaseManager.swift; sourceTree = "<group>"; };
		49B1E8762284F15600877028 /* Audio.swift */ = {isa = PBXFileReference; lastKnownFileType = sourcecode.swift; path = Audio.swift; sourceTree = "<group>"; };
		49B1E8992285128C00877028 /* ProviderConfigurator.swift */ = {isa = PBXFileReference; fileEncoding = 4; lastKnownFileType = sourcecode.swift; path = ProviderConfigurator.swift; sourceTree = "<group>"; };
		49B623A822849DCC000B1454 /* VoipCallCell.swift */ = {isa = PBXFileReference; lastKnownFileType = sourcecode.swift; path = VoipCallCell.swift; sourceTree = "<group>"; };
		49B623AB2284A7D8000B1454 /* CallManager.swift */ = {isa = PBXFileReference; lastKnownFileType = sourcecode.swift; path = CallManager.swift; sourceTree = "<group>"; };
		49B623AD2284A89C000B1454 /* VoipCall.swift */ = {isa = PBXFileReference; lastKnownFileType = sourcecode.swift; path = VoipCall.swift; sourceTree = "<group>"; };
		8069A94822907AA200901571 /* KeyboardLayoutConstraint.swift */ = {isa = PBXFileReference; lastKnownFileType = sourcecode.swift; path = KeyboardLayoutConstraint.swift; sourceTree = "<group>"; };
		8069A9562290857900901571 /* Onboarding.storyboard */ = {isa = PBXFileReference; lastKnownFileType = file.storyboard; path = Onboarding.storyboard; sourceTree = "<group>"; };
		8069A9592290864000901571 /* OnboardingViewController.swift */ = {isa = PBXFileReference; lastKnownFileType = sourcecode.swift; path = OnboardingViewController.swift; sourceTree = "<group>"; };
		8069A95B229086E800901571 /* UIViewController+Child.swift */ = {isa = PBXFileReference; lastKnownFileType = sourcecode.swift; path = "UIViewController+Child.swift"; sourceTree = "<group>"; };
		8069A95D2290878600901571 /* OnboardingChildViewController.swift */ = {isa = PBXFileReference; lastKnownFileType = sourcecode.swift; path = OnboardingChildViewController.swift; sourceTree = "<group>"; };
		8069A95F2290888A00901571 /* CAAnimation+Callbacks.swift */ = {isa = PBXFileReference; lastKnownFileType = sourcecode.swift; path = "CAAnimation+Callbacks.swift"; sourceTree = "<group>"; };
		8069A9612290894000901571 /* UIView+Animations.swift */ = {isa = PBXFileReference; lastKnownFileType = sourcecode.swift; path = "UIView+Animations.swift"; sourceTree = "<group>"; };
		80C4B88D2290ADB900D28D95 /* FooterOnboardView.swift */ = {isa = PBXFileReference; fileEncoding = 4; lastKnownFileType = sourcecode.swift; path = FooterOnboardView.swift; sourceTree = "<group>"; };
		80C4B88E2290ADB900D28D95 /* FooterOnboardingView.xib */ = {isa = PBXFileReference; fileEncoding = 4; lastKnownFileType = file.xib; path = FooterOnboardingView.xib; sourceTree = "<group>"; };
/* End PBXFileReference section */

/* Begin PBXFrameworksBuildPhase section */
		498EF60C228361B9002AE48D /* Frameworks */ = {
			isa = PBXFrameworksBuildPhase;
			buildActionMask = 2147483647;
			files = (
			);
			runOnlyForDeploymentPostprocessing = 0;
		};
/* End PBXFrameworksBuildPhase section */

/* Begin PBXGroup section */
		498EF606228361B9002AE48D = {
			isa = PBXGroup;
			children = (
				498EF611228361B9002AE48D /* VoipApp */,
				498EF610228361B9002AE48D /* Products */,
			);
			sourceTree = "<group>";
		};
		498EF610228361B9002AE48D /* Products */ = {
			isa = PBXGroup;
			children = (
				498EF60F228361B9002AE48D /* VoipApp.app */,
			);
			name = Products;
			sourceTree = "<group>";
		};
		498EF611228361B9002AE48D /* VoipApp */ = {
			isa = PBXGroup;
			children = (
				8069A94722907A3F00901571 /* KeyboardLayoutContraint */,
				49A9EE01228CA89300172EF7 /* SystemContactsManager */,
				49B623B22284C595000B1454 /* Audio */,
				49B623AF2284ADCF000B1454 /* ProviderConfigurator */,
				49B623AA2284A7C3000B1454 /* CallManager */,
				498EF63722837386002AE48D /* Extensions */,
				498EF63322836FD1002AE48D /* Models */,
				498EF62F22836E8C002AE48D /* Database */,
				498EF64522837F63002AE48D /* ViewControllers */,
				498EF63F2283775E002AE48D /* Layout */,
				498EF612228361B9002AE48D /* AppDelegate.swift */,
				498EF61C228361BB002AE48D /* Assets.xcassets */,
				498EF621228361BB002AE48D /* Info.plist */,
			);
			path = VoipApp;
			sourceTree = "<group>";
		};
		498EF62F22836E8C002AE48D /* Database */ = {
			isa = PBXGroup;
			children = (
				49A9EE04228CC56400172EF7 /* DatabaseManager */,
				498EF619228361B9002AE48D /* VoipApp.xcdatamodeld */,
				498EF63022836EFE002AE48D /* Entities */,
			);
			path = Database;
			sourceTree = "<group>";
		};
		498EF63022836EFE002AE48D /* Entities */ = {
			isa = PBXGroup;
			children = (
				498EF63222836F2F002AE48D /* Call */,
				498EF63122836F26002AE48D /* Contact */,
			);
			path = Entities;
			sourceTree = "<group>";
		};
		498EF63122836F26002AE48D /* Contact */ = {
			isa = PBXGroup;
			children = (
				498EF62922836E7F002AE48D /* Contact+CoreDataClass.swift */,
				498EF62A22836E7F002AE48D /* Contact+CoreDataProperties.swift */,
			);
			path = Contact;
			sourceTree = "<group>";
		};
		498EF63222836F2F002AE48D /* Call */ = {
			isa = PBXGroup;
			children = (
				498EF62822836E7F002AE48D /* Call+CoreDataProperties.swift */,
				498EF62722836E7F002AE48D /* Call+CoreDataClass.swift */,
			);
			path = Call;
			sourceTree = "<group>";
		};
		498EF63322836FD1002AE48D /* Models */ = {
			isa = PBXGroup;
			children = (
				498EF63422836FEA002AE48D /* VoipModels.swift */,
			);
			path = Models;
			sourceTree = "<group>";
		};
		498EF63722837386002AE48D /* Extensions */ = {
			isa = PBXGroup;
			children = (
				498EF638228373A5002AE48D /* UIViewController+AppDelegate.swift */,
				498EF64B22839372002AE48D /* Date+Format.swift */,
				49A9EDF8228B44EC00172EF7 /* String+Format.swift */,
				49A9EDFA228B7E6000172EF7 /* UIColor+SystemTintColor.swift */,
				49A1F37B228F76B500BAAF10 /* UITextField+doneButton.swift */,
				8069A95B229086E800901571 /* UIViewController+Child.swift */,
				8069A95F2290888A00901571 /* CAAnimation+Callbacks.swift */,
				8069A9612290894000901571 /* UIView+Animations.swift */,
			);
			path = Extensions;
			sourceTree = "<group>";
		};
		498EF63F2283775E002AE48D /* Layout */ = {
			isa = PBXGroup;
			children = (
				498EF64022837870002AE48D /* Views */,
				498EF61E228361BB002AE48D /* LaunchScreen.storyboard */,
				498EF616228361B9002AE48D /* Main.storyboard */,
				8069A9562290857900901571 /* Onboarding.storyboard */,
			);
			path = Layout;
			sourceTree = "<group>";
		};
		498EF64022837870002AE48D /* Views */ = {
			isa = PBXGroup;
			children = (
				80C4B88C2290ADB900D28D95 /* FooterOnboardView */,
				49A1F376228F3EC600BAAF10 /* TextFieldCell */,
				49A9EE00228C92E300172EF7 /* AvatarCell */,
				49A9EDF5228B383B00172EF7 /* VoipContactCell */,
				498EF64A22838161002AE48D /* VoipCallCell */,
			);
			path = Views;
			sourceTree = "<group>";
		};
		498EF64522837F63002AE48D /* ViewControllers */ = {
			isa = PBXGroup;
			children = (
				8069A9582290860E00901571 /* Onboarding */,
				498EF6482283801E002AE48D /* CallHistoryViewController.swift */,
				491EE74B228835B300FD6602 /* TabBarViewController.swift */,
				491EE74D22889F9100FD6602 /* ContactListViewController.swift */,
				493AE21A2288A0E40031A3CC /* ContactDetailViewController.swift */,
			);
			path = ViewControllers;
			sourceTree = "<group>";
		};
		498EF64A22838161002AE48D /* VoipCallCell */ = {
			isa = PBXGroup;
			children = (
				49B623A822849DCC000B1454 /* VoipCallCell.swift */,
			);
			path = VoipCallCell;
			sourceTree = "<group>";
		};
		49A1F376228F3EC600BAAF10 /* TextFieldCell */ = {
			isa = PBXGroup;
			children = (
				49A1F377228F3EE400BAAF10 /* TextFieldCell.swift */,
				49A1F378228F3EE400BAAF10 /* TextFieldCell.xib */,
			);
			path = TextFieldCell;
			sourceTree = "<group>";
		};
		49A9EDF5228B383B00172EF7 /* VoipContactCell */ = {
			isa = PBXGroup;
			children = (
				49A9EDF6228B386800172EF7 /* VoipContactCell.swift */,
			);
			path = VoipContactCell;
			sourceTree = "<group>";
		};
		49A9EE00228C92E300172EF7 /* AvatarCell */ = {
			isa = PBXGroup;
			children = (
				49A9EDFD228C92D900172EF7 /* AvatarCell.xib */,
				49A9EDFC228C92D900172EF7 /* AvatarCell.swift */,
			);
			path = AvatarCell;
			sourceTree = "<group>";
		};
		49A9EE01228CA89300172EF7 /* SystemContactsManager */ = {
			isa = PBXGroup;
			children = (
				49A9EE02228CA8B200172EF7 /* SystemContactsManager.swift */,
			);
			path = SystemContactsManager;
			sourceTree = "<group>";
		};
		49A9EE04228CC56400172EF7 /* DatabaseManager */ = {
			isa = PBXGroup;
			children = (
				49A9EE05228CC57C00172EF7 /* DatabaseManager.swift */,
			);
			path = DatabaseManager;
			sourceTree = "<group>";
		};
		49B623AA2284A7C3000B1454 /* CallManager */ = {
			isa = PBXGroup;
			children = (
				49B623AB2284A7D8000B1454 /* CallManager.swift */,
				49B623AD2284A89C000B1454 /* VoipCall.swift */,
			);
			path = CallManager;
			sourceTree = "<group>";
		};
		49B623AF2284ADCF000B1454 /* ProviderConfigurator */ = {
			isa = PBXGroup;
			children = (
				49B1E8992285128C00877028 /* ProviderConfigurator.swift */,
			);
			path = ProviderConfigurator;
			sourceTree = "<group>";
		};
		49B623B22284C595000B1454 /* Audio */ = {
			isa = PBXGroup;
			children = (
				49B1E8762284F15600877028 /* Audio.swift */,
			);
			path = Audio;
			sourceTree = "<group>";
		};
		8069A94722907A3F00901571 /* KeyboardLayoutContraint */ = {
			isa = PBXGroup;
			children = (
				8069A94822907AA200901571 /* KeyboardLayoutConstraint.swift */,
			);
			path = KeyboardLayoutContraint;
			sourceTree = "<group>";
		};
		8069A9582290860E00901571 /* Onboarding */ = {
			isa = PBXGroup;
			children = (
				8069A9592290864000901571 /* OnboardingViewController.swift */,
				8069A95D2290878600901571 /* OnboardingChildViewController.swift */,
			);
			path = Onboarding;
			sourceTree = "<group>";
		};
		80C4B88C2290ADB900D28D95 /* FooterOnboardView */ = {
			isa = PBXGroup;
			children = (
				80C4B88D2290ADB900D28D95 /* FooterOnboardView.swift */,
				80C4B88E2290ADB900D28D95 /* FooterOnboardingView.xib */,
			);
			path = FooterOnboardView;
			sourceTree = "<group>";
		};
/* End PBXGroup section */

/* Begin PBXNativeTarget section */
		498EF60E228361B9002AE48D /* VoipApp */ = {
			isa = PBXNativeTarget;
			buildConfigurationList = 498EF624228361BC002AE48D /* Build configuration list for PBXNativeTarget "VoipApp" */;
			buildPhases = (
				498EF60B228361B9002AE48D /* Sources */,
				498EF60C228361B9002AE48D /* Frameworks */,
				498EF60D228361B9002AE48D /* Resources */,
			);
			buildRules = (
			);
			dependencies = (
			);
			name = VoipApp;
			productName = VoipApp;
			productReference = 498EF60F228361B9002AE48D /* VoipApp.app */;
			productType = "com.apple.product-type.application";
		};
/* End PBXNativeTarget section */

/* Begin PBXProject section */
		498EF607228361B9002AE48D /* Project object */ = {
			isa = PBXProject;
			attributes = {
				LastSwiftUpdateCheck = 1020;
				LastUpgradeCheck = 1020;
				ORGANIZATIONNAME = "Luis  Costa";
				TargetAttributes = {
					498EF60E228361B9002AE48D = {
						CreatedOnToolsVersion = 10.2.1;
					};
				};
			};
			buildConfigurationList = 498EF60A228361B9002AE48D /* Build configuration list for PBXProject "VoipApp" */;
			compatibilityVersion = "Xcode 9.3";
			developmentRegion = en;
			hasScannedForEncodings = 0;
			knownRegions = (
				en,
				Base,
			);
			mainGroup = 498EF606228361B9002AE48D;
			productRefGroup = 498EF610228361B9002AE48D /* Products */;
			projectDirPath = "";
			projectRoot = "";
			targets = (
				498EF60E228361B9002AE48D /* VoipApp */,
			);
		};
/* End PBXProject section */

/* Begin PBXResourcesBuildPhase section */
		498EF60D228361B9002AE48D /* Resources */ = {
			isa = PBXResourcesBuildPhase;
			buildActionMask = 2147483647;
			files = (
				498EF620228361BB002AE48D /* LaunchScreen.storyboard in Resources */,
				80C4B8902290ADB900D28D95 /* FooterOnboardingView.xib in Resources */,
				498EF61D228361BB002AE48D /* Assets.xcassets in Resources */,
				49A1F37A228F3EE400BAAF10 /* TextFieldCell.xib in Resources */,
				49A9EDFF228C92D900172EF7 /* AvatarCell.xib in Resources */,
				8069A9572290857900901571 /* Onboarding.storyboard in Resources */,
				498EF618228361B9002AE48D /* Main.storyboard in Resources */,
			);
			runOnlyForDeploymentPostprocessing = 0;
		};
/* End PBXResourcesBuildPhase section */

/* Begin PBXSourcesBuildPhase section */
		498EF60B228361B9002AE48D /* Sources */ = {
			isa = PBXSourcesBuildPhase;
			buildActionMask = 2147483647;
			files = (
				49A9EDF9228B44EC00172EF7 /* String+Format.swift in Sources */,
				498EF62E22836E7F002AE48D /* Contact+CoreDataProperties.swift in Sources */,
				493AE21B2288A0E40031A3CC /* ContactDetailViewController.swift in Sources */,
				498EF61B228361B9002AE48D /* VoipApp.xcdatamodeld in Sources */,
				49A9EDFE228C92D900172EF7 /* AvatarCell.swift in Sources */,
				8069A9602290888A00901571 /* CAAnimation+Callbacks.swift in Sources */,
				8069A95C229086E800901571 /* UIViewController+Child.swift in Sources */,
				80C4B88F2290ADB900D28D95 /* FooterOnboardView.swift in Sources */,
				49B1E89A2285128C00877028 /* ProviderConfigurator.swift in Sources */,
				49A9EE06228CC57C00172EF7 /* DatabaseManager.swift in Sources */,
				498EF613228361B9002AE48D /* AppDelegate.swift in Sources */,
				498EF6492283801E002AE48D /* CallHistoryViewController.swift in Sources */,
				498EF62B22836E7F002AE48D /* Call+CoreDataClass.swift in Sources */,
				49B623AC2284A7D8000B1454 /* CallManager.swift in Sources */,
				8069A95E2290878600901571 /* OnboardingChildViewController.swift in Sources */,
				49A1F37C228F76B500BAAF10 /* UITextField+doneButton.swift in Sources */,
				498EF64C22839372002AE48D /* Date+Format.swift in Sources */,
				8069A95A2290864000901571 /* OnboardingViewController.swift in Sources */,
				491EE74C228835B300FD6602 /* TabBarViewController.swift in Sources */,
				8069A94922907AA200901571 /* KeyboardLayoutConstraint.swift in Sources */,
				49A9EE03228CA8B200172EF7 /* SystemContactsManager.swift in Sources */,
				498EF62C22836E7F002AE48D /* Call+CoreDataProperties.swift in Sources */,
				491EE74E22889F9100FD6602 /* ContactListViewController.swift in Sources */,
				49B1E8772284F15600877028 /* Audio.swift in Sources */,
				49A9EDFB228B7E6000172EF7 /* UIColor+SystemTintColor.swift in Sources */,
				498EF639228373A5002AE48D /* UIViewController+AppDelegate.swift in Sources */,
				49A1F379228F3EE400BAAF10 /* TextFieldCell.swift in Sources */,
				498EF62D22836E7F002AE48D /* Contact+CoreDataClass.swift in Sources */,
				49B623A922849DCC000B1454 /* VoipCallCell.swift in Sources */,
				498EF63522836FEA002AE48D /* VoipModels.swift in Sources */,
				49A9EDF7228B386800172EF7 /* VoipContactCell.swift in Sources */,
				49B623AE2284A89C000B1454 /* VoipCall.swift in Sources */,
				8069A9622290894000901571 /* UIView+Animations.swift in Sources */,
			);
			runOnlyForDeploymentPostprocessing = 0;
		};
/* End PBXSourcesBuildPhase section */

/* Begin PBXVariantGroup section */
		498EF616228361B9002AE48D /* Main.storyboard */ = {
			isa = PBXVariantGroup;
			children = (
				498EF617228361B9002AE48D /* Base */,
			);
			name = Main.storyboard;
			sourceTree = "<group>";
		};
		498EF61E228361BB002AE48D /* LaunchScreen.storyboard */ = {
			isa = PBXVariantGroup;
			children = (
				498EF61F228361BB002AE48D /* Base */,
			);
			name = LaunchScreen.storyboard;
			sourceTree = "<group>";
		};
/* End PBXVariantGroup section */

/* Begin XCBuildConfiguration section */
		498EF622228361BC002AE48D /* Debug */ = {
			isa = XCBuildConfiguration;
			buildSettings = {
				ALWAYS_SEARCH_USER_PATHS = NO;
				CLANG_ANALYZER_NONNULL = YES;
				CLANG_ANALYZER_NUMBER_OBJECT_CONVERSION = YES_AGGRESSIVE;
				CLANG_CXX_LANGUAGE_STANDARD = "gnu++14";
				CLANG_CXX_LIBRARY = "libc++";
				CLANG_ENABLE_MODULES = YES;
				CLANG_ENABLE_OBJC_ARC = YES;
				CLANG_ENABLE_OBJC_WEAK = YES;
				CLANG_WARN_BLOCK_CAPTURE_AUTORELEASING = YES;
				CLANG_WARN_BOOL_CONVERSION = YES;
				CLANG_WARN_COMMA = YES;
				CLANG_WARN_CONSTANT_CONVERSION = YES;
				CLANG_WARN_DEPRECATED_OBJC_IMPLEMENTATIONS = YES;
				CLANG_WARN_DIRECT_OBJC_ISA_USAGE = YES_ERROR;
				CLANG_WARN_DOCUMENTATION_COMMENTS = YES;
				CLANG_WARN_EMPTY_BODY = YES;
				CLANG_WARN_ENUM_CONVERSION = YES;
				CLANG_WARN_INFINITE_RECURSION = YES;
				CLANG_WARN_INT_CONVERSION = YES;
				CLANG_WARN_NON_LITERAL_NULL_CONVERSION = YES;
				CLANG_WARN_OBJC_IMPLICIT_RETAIN_SELF = YES;
				CLANG_WARN_OBJC_LITERAL_CONVERSION = YES;
				CLANG_WARN_OBJC_ROOT_CLASS = YES_ERROR;
				CLANG_WARN_RANGE_LOOP_ANALYSIS = YES;
				CLANG_WARN_STRICT_PROTOTYPES = YES;
				CLANG_WARN_SUSPICIOUS_MOVE = YES;
				CLANG_WARN_UNGUARDED_AVAILABILITY = YES_AGGRESSIVE;
				CLANG_WARN_UNREACHABLE_CODE = YES;
				CLANG_WARN__DUPLICATE_METHOD_MATCH = YES;
				CODE_SIGN_IDENTITY = "iPhone Developer";
				COPY_PHASE_STRIP = NO;
				DEBUG_INFORMATION_FORMAT = dwarf;
				ENABLE_STRICT_OBJC_MSGSEND = YES;
				ENABLE_TESTABILITY = YES;
				GCC_C_LANGUAGE_STANDARD = gnu11;
				GCC_DYNAMIC_NO_PIC = NO;
				GCC_NO_COMMON_BLOCKS = YES;
				GCC_OPTIMIZATION_LEVEL = 0;
				GCC_PREPROCESSOR_DEFINITIONS = (
					"DEBUG=1",
					"$(inherited)",
				);
				GCC_WARN_64_TO_32_BIT_CONVERSION = YES;
				GCC_WARN_ABOUT_RETURN_TYPE = YES_ERROR;
				GCC_WARN_UNDECLARED_SELECTOR = YES;
				GCC_WARN_UNINITIALIZED_AUTOS = YES_AGGRESSIVE;
				GCC_WARN_UNUSED_FUNCTION = YES;
				GCC_WARN_UNUSED_VARIABLE = YES;
				IPHONEOS_DEPLOYMENT_TARGET = 12.2;
				MTL_ENABLE_DEBUG_INFO = INCLUDE_SOURCE;
				MTL_FAST_MATH = YES;
				ONLY_ACTIVE_ARCH = YES;
				SDKROOT = iphoneos;
				SWIFT_ACTIVE_COMPILATION_CONDITIONS = DEBUG;
				SWIFT_OPTIMIZATION_LEVEL = "-Onone";
			};
			name = Debug;
		};
		498EF623228361BC002AE48D /* Release */ = {
			isa = XCBuildConfiguration;
			buildSettings = {
				ALWAYS_SEARCH_USER_PATHS = NO;
				CLANG_ANALYZER_NONNULL = YES;
				CLANG_ANALYZER_NUMBER_OBJECT_CONVERSION = YES_AGGRESSIVE;
				CLANG_CXX_LANGUAGE_STANDARD = "gnu++14";
				CLANG_CXX_LIBRARY = "libc++";
				CLANG_ENABLE_MODULES = YES;
				CLANG_ENABLE_OBJC_ARC = YES;
				CLANG_ENABLE_OBJC_WEAK = YES;
				CLANG_WARN_BLOCK_CAPTURE_AUTORELEASING = YES;
				CLANG_WARN_BOOL_CONVERSION = YES;
				CLANG_WARN_COMMA = YES;
				CLANG_WARN_CONSTANT_CONVERSION = YES;
				CLANG_WARN_DEPRECATED_OBJC_IMPLEMENTATIONS = YES;
				CLANG_WARN_DIRECT_OBJC_ISA_USAGE = YES_ERROR;
				CLANG_WARN_DOCUMENTATION_COMMENTS = YES;
				CLANG_WARN_EMPTY_BODY = YES;
				CLANG_WARN_ENUM_CONVERSION = YES;
				CLANG_WARN_INFINITE_RECURSION = YES;
				CLANG_WARN_INT_CONVERSION = YES;
				CLANG_WARN_NON_LITERAL_NULL_CONVERSION = YES;
				CLANG_WARN_OBJC_IMPLICIT_RETAIN_SELF = YES;
				CLANG_WARN_OBJC_LITERAL_CONVERSION = YES;
				CLANG_WARN_OBJC_ROOT_CLASS = YES_ERROR;
				CLANG_WARN_RANGE_LOOP_ANALYSIS = YES;
				CLANG_WARN_STRICT_PROTOTYPES = YES;
				CLANG_WARN_SUSPICIOUS_MOVE = YES;
				CLANG_WARN_UNGUARDED_AVAILABILITY = YES_AGGRESSIVE;
				CLANG_WARN_UNREACHABLE_CODE = YES;
				CLANG_WARN__DUPLICATE_METHOD_MATCH = YES;
				CODE_SIGN_IDENTITY = "iPhone Developer";
				COPY_PHASE_STRIP = NO;
				DEBUG_INFORMATION_FORMAT = "dwarf-with-dsym";
				ENABLE_NS_ASSERTIONS = NO;
				ENABLE_STRICT_OBJC_MSGSEND = YES;
				GCC_C_LANGUAGE_STANDARD = gnu11;
				GCC_NO_COMMON_BLOCKS = YES;
				GCC_WARN_64_TO_32_BIT_CONVERSION = YES;
				GCC_WARN_ABOUT_RETURN_TYPE = YES_ERROR;
				GCC_WARN_UNDECLARED_SELECTOR = YES;
				GCC_WARN_UNINITIALIZED_AUTOS = YES_AGGRESSIVE;
				GCC_WARN_UNUSED_FUNCTION = YES;
				GCC_WARN_UNUSED_VARIABLE = YES;
				IPHONEOS_DEPLOYMENT_TARGET = 12.2;
				MTL_ENABLE_DEBUG_INFO = NO;
				MTL_FAST_MATH = YES;
				SDKROOT = iphoneos;
				SWIFT_COMPILATION_MODE = wholemodule;
				SWIFT_OPTIMIZATION_LEVEL = "-O";
				VALIDATE_PRODUCT = YES;
			};
			name = Release;
		};
		498EF625228361BC002AE48D /* Debug */ = {
			isa = XCBuildConfiguration;
			buildSettings = {
				ASSETCATALOG_COMPILER_APPICON_NAME = AppIcon;
				CODE_SIGN_STYLE = Automatic;
				DEVELOPMENT_TEAM = 423W5F3JD5;
				INFOPLIST_FILE = VoipApp/Info.plist;
				LD_RUNPATH_SEARCH_PATHS = (
					"$(inherited)",
					"@executable_path/Frameworks",
				);
				PRODUCT_BUNDLE_IDENTIFIER = com.lmbcosta.VoipApp;
				PRODUCT_NAME = "$(TARGET_NAME)";
				SWIFT_VERSION = 5.0;
				TARGETED_DEVICE_FAMILY = "1,2";
			};
			name = Debug;
		};
		498EF626228361BC002AE48D /* Release */ = {
			isa = XCBuildConfiguration;
			buildSettings = {
				ASSETCATALOG_COMPILER_APPICON_NAME = AppIcon;
				CODE_SIGN_STYLE = Automatic;
				DEVELOPMENT_TEAM = 423W5F3JD5;
				INFOPLIST_FILE = VoipApp/Info.plist;
				LD_RUNPATH_SEARCH_PATHS = (
					"$(inherited)",
					"@executable_path/Frameworks",
				);
				PRODUCT_BUNDLE_IDENTIFIER = com.lmbcosta.VoipApp;
				PRODUCT_NAME = "$(TARGET_NAME)";
				SWIFT_VERSION = 5.0;
				TARGETED_DEVICE_FAMILY = "1,2";
			};
			name = Release;
		};
/* End XCBuildConfiguration section */

/* Begin XCConfigurationList section */
		498EF60A228361B9002AE48D /* Build configuration list for PBXProject "VoipApp" */ = {
			isa = XCConfigurationList;
			buildConfigurations = (
				498EF622228361BC002AE48D /* Debug */,
				498EF623228361BC002AE48D /* Release */,
			);
			defaultConfigurationIsVisible = 0;
			defaultConfigurationName = Release;
		};
		498EF624228361BC002AE48D /* Build configuration list for PBXNativeTarget "VoipApp" */ = {
			isa = XCConfigurationList;
			buildConfigurations = (
				498EF625228361BC002AE48D /* Debug */,
				498EF626228361BC002AE48D /* Release */,
			);
			defaultConfigurationIsVisible = 0;
			defaultConfigurationName = Release;
		};
/* End XCConfigurationList section */

/* Begin XCVersionGroup section */
		498EF619228361B9002AE48D /* VoipApp.xcdatamodeld */ = {
			isa = XCVersionGroup;
			children = (
				498EF61A228361B9002AE48D /* VoipApp.xcdatamodel */,
			);
			currentVersion = 498EF61A228361B9002AE48D /* VoipApp.xcdatamodel */;
			path = VoipApp.xcdatamodeld;
			sourceTree = "<group>";
			versionGroupType = wrapper.xcdatamodel;
		};
/* End XCVersionGroup section */
	};
	rootObject = 498EF607228361B9002AE48D /* Project object */;
}
